
Microsoft Visual Studio Solution File, Format Version 12.00
# Visual Studio 2012
Project("{911E67C6-3D85-4FCE-B560-20A9C3E3FF48}") = "tutorial02_openCV_openGL_CNU", "tutorial02_openCV_openGL_CNU.exe", "{DC927BA0-9541-43CF-9472-14856AA0CEF8}"
	ProjectSection(DebuggerProjectSystem) = preProject
		PortSupplier = 00000000-0000-0000-0000-000000000000
		Executable = C:\Users\Perkins\Desktop\OpenGL\OpenGL-tutorial_v0014_33\tutorial02_openCV_openGL_CNU\tutorial02_openCV_openGL_CNU.exe
		RemoteMachine = R343-M1
		StartingDirectory = C:\Users\Perkins\Desktop\OpenGL\OpenGL-tutorial_v0014_33\tutorial02_openCV_openGL_CNU
		Environment = Default
		LaunchingEngine = 00000000-0000-0000-0000-000000000000
		LaunchSQLEngine = No
		AttachLaunchAction = No
	EndProjectSection
EndProject
Global
	GlobalSection(SolutionConfigurationPlatforms) = preSolution
		Debug|x86 = Debug|x86
	EndGlobalSection
	GlobalSection(ProjectConfigurationPlatforms) = postSolution
		{DC927BA0-9541-43CF-9472-14856AA0CEF8}.Debug|x86.ActiveCfg = Debug|x86
	EndGlobalSection
	GlobalSection(SolutionProperties) = preSolution
		HideSolutionNode = FALSE
	EndGlobalSection
EndGlobal
